
Microsoft Visual Studio Solution File, Format Version 12.00
# Visual Studio Version 17
VisualStudioVersion = 17.3.32922.545
MinimumVisualStudioVersion = 10.0.40219.1
Project("{FAE04EC0-301F-11D3-BF4B-00C04F79EFBC}") = "cs-server", "cs-server.csproj", "{49911AC2-9C22-4B0F-B45B-75E40BA542C9}"
EndProject
Global
	GlobalSection(SolutionConfigurationPlatforms) = preSolution
		Debug|Any CPU = Debug|Any CPU
		Release|Any CPU = Release|Any CPU
	EndGlobalSection
	GlobalSection(ProjectConfigurationPlatforms) = postSolution
		{49911AC2-9C22-4B0F-B45B-75E40BA542C9}.Debug|Any CPU.ActiveCfg = Debug|Any CPU
		{49911AC2-9C22-4B0F-B45B-75E40BA542C9}.Debug|Any CPU.Build.0 = Debug|Any CPU
		{49911AC2-9C22-4B0F-B45B-75E40BA542C9}.Release|Any CPU.ActiveCfg = Release|Any CPU
		{49911AC2-9C22-4B0F-B45B-75E40BA542C9}.Release|Any CPU.Build.0 = Release|Any CPU
	EndGlobalSection
	GlobalSection(SolutionProperties) = preSolution
		HideSolutionNode = FALSE
	EndGlobalSection
	GlobalSection(ExtensibilityGlobals) = postSolution
		SolutionGuid = {A1449135-CA7A-464F-9F52-23C21C67CF12}
	EndGlobalSection
EndGlobal
