
Microsoft Visual Studio Solution File, Format Version 12.00
# Visual Studio Version 17
VisualStudioVersion = 17.3.32922.545
MinimumVisualStudioVersion = 10.0.40219.1
Project("{FAE04EC0-301F-11D3-BF4B-00C04F79EFBC}") = "cs-server", "..\cs-server\cs-server.csproj", "{49911AC2-9C22-4B0F-B45B-75E40BA542C9}"
EndProject
Project("{FAE04EC0-301F-11D3-BF4B-00C04F79EFBC}") = "NetworkLibrary", "..\network-library\NetworkLibrary.csproj", "{9B545F17-FFAA-4804-AE72-4E58B0B41F12}"
EndProject
Project("{FAE04EC0-301F-11D3-BF4B-00C04F79EFBC}") = "Assembly-CSharp", "..\unity-client\Assembly-CSharp.csproj", "{853E8BB1-A253-117F-0FB3-84F3B289E8F6}"
EndProject
Project("{FAE04EC0-301F-11D3-BF4B-00C04F79EFBC}") = "Assembly-CSharp-Editor", "..\unity-client\Assembly-CSharp-Editor.csproj", "{2EE9B3C4-547E-7FD5-38A3-141A134E136D}"
EndProject
Global
	GlobalSection(SolutionConfigurationPlatforms) = preSolution
		Debug|Any CPU = Debug|Any CPU
		Release|Any CPU = Release|Any CPU
	EndGlobalSection
	GlobalSection(ProjectConfigurationPlatforms) = postSolution
		{49911AC2-9C22-4B0F-B45B-75E40BA542C9}.Debug|Any CPU.ActiveCfg = Debug|Any CPU
		{49911AC2-9C22-4B0F-B45B-75E40BA542C9}.Debug|Any CPU.Build.0 = Debug|Any CPU
		{49911AC2-9C22-4B0F-B45B-75E40BA542C9}.Release|Any CPU.ActiveCfg = Release|Any CPU
		{49911AC2-9C22-4B0F-B45B-75E40BA542C9}.Release|Any CPU.Build.0 = Release|Any CPU
		{9B545F17-FFAA-4804-AE72-4E58B0B41F12}.Debug|Any CPU.ActiveCfg = Debug|Any CPU
		{9B545F17-FFAA-4804-AE72-4E58B0B41F12}.Debug|Any CPU.Build.0 = Debug|Any CPU
		{9B545F17-FFAA-4804-AE72-4E58B0B41F12}.Release|Any CPU.ActiveCfg = Release|Any CPU
		{9B545F17-FFAA-4804-AE72-4E58B0B41F12}.Release|Any CPU.Build.0 = Release|Any CPU
		{853E8BB1-A253-117F-0FB3-84F3B289E8F6}.Debug|Any CPU.ActiveCfg = Debug|Any CPU
		{853E8BB1-A253-117F-0FB3-84F3B289E8F6}.Debug|Any CPU.Build.0 = Debug|Any CPU
		{853E8BB1-A253-117F-0FB3-84F3B289E8F6}.Release|Any CPU.ActiveCfg = Release|Any CPU
		{853E8BB1-A253-117F-0FB3-84F3B289E8F6}.Release|Any CPU.Build.0 = Release|Any CPU
		{2EE9B3C4-547E-7FD5-38A3-141A134E136D}.Debug|Any CPU.ActiveCfg = Debug|Any CPU
		{2EE9B3C4-547E-7FD5-38A3-141A134E136D}.Debug|Any CPU.Build.0 = Debug|Any CPU
		{2EE9B3C4-547E-7FD5-38A3-141A134E136D}.Release|Any CPU.ActiveCfg = Release|Any CPU
		{2EE9B3C4-547E-7FD5-38A3-141A134E136D}.Release|Any CPU.Build.0 = Release|Any CPU
	EndGlobalSection
	GlobalSection(SolutionProperties) = preSolution
		HideSolutionNode = FALSE
	EndGlobalSection
	GlobalSection(ExtensibilityGlobals) = postSolution
		SolutionGuid = {9679FC47-0743-4C31-8FC7-20E8BC4532C9}
	EndGlobalSection
EndGlobal
